
Microsoft Visual Studio Solution File, Format Version 12.00
# Visual Studio 14
VisualStudioVersion = 14.0.25420.1
MinimumVisualStudioVersion = 10.0.40219.1
Project("{FAE04EC0-301F-11D3-BF4B-00C04F79EFBC}") = "BoxerWeb.Domain", "BoxerWeb.Domain\BoxerWeb.Domain.csproj", "{3BF3B66B-7FCB-4F05-B91A-9850CE38D0F9}"
EndProject
Project("{FAE04EC0-301F-11D3-BF4B-00C04F79EFBC}") = "BoxerWeb.WebUI", "BoxerWeb.WebUI\BoxerWeb.WebUI.csproj", "{FD5E5405-CC81-4933-92EA-38699ED5F9AD}"
EndProject
Global
	GlobalSection(SolutionConfigurationPlatforms) = preSolution
		Debug|Any CPU = Debug|Any CPU
		Release|Any CPU = Release|Any CPU
	EndGlobalSection
	GlobalSection(ProjectConfigurationPlatforms) = postSolution
		{3BF3B66B-7FCB-4F05-B91A-9850CE38D0F9}.Debug|Any CPU.ActiveCfg = Debug|Any CPU
		{3BF3B66B-7FCB-4F05-B91A-9850CE38D0F9}.Debug|Any CPU.Build.0 = Debug|Any CPU
		{3BF3B66B-7FCB-4F05-B91A-9850CE38D0F9}.Release|Any CPU.ActiveCfg = Release|Any CPU
		{3BF3B66B-7FCB-4F05-B91A-9850CE38D0F9}.Release|Any CPU.Build.0 = Release|Any CPU
		{FD5E5405-CC81-4933-92EA-38699ED5F9AD}.Debug|Any CPU.ActiveCfg = Debug|Any CPU
		{FD5E5405-CC81-4933-92EA-38699ED5F9AD}.Debug|Any CPU.Build.0 = Debug|Any CPU
		{FD5E5405-CC81-4933-92EA-38699ED5F9AD}.Release|Any CPU.ActiveCfg = Release|Any CPU
		{FD5E5405-CC81-4933-92EA-38699ED5F9AD}.Release|Any CPU.Build.0 = Release|Any CPU
	EndGlobalSection
	GlobalSection(SolutionProperties) = preSolution
		HideSolutionNode = FALSE
	EndGlobalSection
EndGlobal
